
Microsoft Visual Studio Solution File, Format Version 12.00
# Visual Studio 15
VisualStudioVersion = 15.0.27703.2042
MinimumVisualStudioVersion = 10.0.40219.1
Project("{FAE04EC0-301F-11D3-BF4B-00C04F79EFBC}") = "Task1", "Task1\Task1.csproj", "{ACB79C20-0045-4D4E-9BD1-13392902911D}"
EndProject
Project("{FAE04EC0-301F-11D3-BF4B-00C04F79EFBC}") = "Task1WinForms", "Task1WinForms\Task1WinForms.csproj", "{0A56E713-62F0-40A3-AF91-DC473495F359}"
EndProject
Project("{FAE04EC0-301F-11D3-BF4B-00C04F79EFBC}") = "Task2", "Task2\Task2.csproj", "{19D32E95-F0E1-4C68-96B3-0D3710C73963}"
EndProject
Project("{FAE04EC0-301F-11D3-BF4B-00C04F79EFBC}") = "Task3", "Task3\Task3.csproj", "{EB9C44F8-F4F9-42CC-9235-4AD10C8F3A0D}"
EndProject
Project("{FAE04EC0-301F-11D3-BF4B-00C04F79EFBC}") = "Task4", "Task4\Task4.csproj", "{4C34D49A-0B60-4FA5-BD3B-19B0B7FFA7C8}"
EndProject
Project("{FAE04EC0-301F-11D3-BF4B-00C04F79EFBC}") = "Task3WinForms", "Task3WinForms\Task3WinForms.csproj", "{AB6E703D-53C1-4BAE-AA28-DFE573C96E66}"
EndProject
Project("{FAE04EC0-301F-11D3-BF4B-00C04F79EFBC}") = "libTask3", "libTask3\libTask3.csproj", "{ADD4ABE4-1900-4D85-B64C-D4EE8403F87C}"
EndProject
Project("{FAE04EC0-301F-11D3-BF4B-00C04F79EFBC}") = "MyDrawing", "MyDrawing\MyDrawing.csproj", "{9374684E-E150-42BB-8975-7314B1D4395B}"
EndProject
Global
	GlobalSection(SolutionConfigurationPlatforms) = preSolution
		Debug|Any CPU = Debug|Any CPU
		Release|Any CPU = Release|Any CPU
	EndGlobalSection
	GlobalSection(ProjectConfigurationPlatforms) = postSolution
		{ACB79C20-0045-4D4E-9BD1-13392902911D}.Debug|Any CPU.ActiveCfg = Debug|Any CPU
		{ACB79C20-0045-4D4E-9BD1-13392902911D}.Debug|Any CPU.Build.0 = Debug|Any CPU
		{ACB79C20-0045-4D4E-9BD1-13392902911D}.Release|Any CPU.ActiveCfg = Release|Any CPU
		{ACB79C20-0045-4D4E-9BD1-13392902911D}.Release|Any CPU.Build.0 = Release|Any CPU
		{0A56E713-62F0-40A3-AF91-DC473495F359}.Debug|Any CPU.ActiveCfg = Debug|Any CPU
		{0A56E713-62F0-40A3-AF91-DC473495F359}.Debug|Any CPU.Build.0 = Debug|Any CPU
		{0A56E713-62F0-40A3-AF91-DC473495F359}.Release|Any CPU.ActiveCfg = Release|Any CPU
		{0A56E713-62F0-40A3-AF91-DC473495F359}.Release|Any CPU.Build.0 = Release|Any CPU
		{19D32E95-F0E1-4C68-96B3-0D3710C73963}.Debug|Any CPU.ActiveCfg = Debug|Any CPU
		{19D32E95-F0E1-4C68-96B3-0D3710C73963}.Debug|Any CPU.Build.0 = Debug|Any CPU
		{19D32E95-F0E1-4C68-96B3-0D3710C73963}.Release|Any CPU.ActiveCfg = Release|Any CPU
		{19D32E95-F0E1-4C68-96B3-0D3710C73963}.Release|Any CPU.Build.0 = Release|Any CPU
		{EB9C44F8-F4F9-42CC-9235-4AD10C8F3A0D}.Debug|Any CPU.ActiveCfg = Debug|Any CPU
		{EB9C44F8-F4F9-42CC-9235-4AD10C8F3A0D}.Debug|Any CPU.Build.0 = Debug|Any CPU
		{EB9C44F8-F4F9-42CC-9235-4AD10C8F3A0D}.Release|Any CPU.ActiveCfg = Release|Any CPU
		{EB9C44F8-F4F9-42CC-9235-4AD10C8F3A0D}.Release|Any CPU.Build.0 = Release|Any CPU
		{4C34D49A-0B60-4FA5-BD3B-19B0B7FFA7C8}.Debug|Any CPU.ActiveCfg = Debug|Any CPU
		{4C34D49A-0B60-4FA5-BD3B-19B0B7FFA7C8}.Debug|Any CPU.Build.0 = Debug|Any CPU
		{4C34D49A-0B60-4FA5-BD3B-19B0B7FFA7C8}.Release|Any CPU.ActiveCfg = Release|Any CPU
		{4C34D49A-0B60-4FA5-BD3B-19B0B7FFA7C8}.Release|Any CPU.Build.0 = Release|Any CPU
		{AB6E703D-53C1-4BAE-AA28-DFE573C96E66}.Debug|Any CPU.ActiveCfg = Debug|Any CPU
		{AB6E703D-53C1-4BAE-AA28-DFE573C96E66}.Debug|Any CPU.Build.0 = Debug|Any CPU
		{AB6E703D-53C1-4BAE-AA28-DFE573C96E66}.Release|Any CPU.ActiveCfg = Release|Any CPU
		{AB6E703D-53C1-4BAE-AA28-DFE573C96E66}.Release|Any CPU.Build.0 = Release|Any CPU
		{ADD4ABE4-1900-4D85-B64C-D4EE8403F87C}.Debug|Any CPU.ActiveCfg = Debug|Any CPU
		{ADD4ABE4-1900-4D85-B64C-D4EE8403F87C}.Debug|Any CPU.Build.0 = Debug|Any CPU
		{ADD4ABE4-1900-4D85-B64C-D4EE8403F87C}.Release|Any CPU.ActiveCfg = Release|Any CPU
		{ADD4ABE4-1900-4D85-B64C-D4EE8403F87C}.Release|Any CPU.Build.0 = Release|Any CPU
		{9374684E-E150-42BB-8975-7314B1D4395B}.Debug|Any CPU.ActiveCfg = Debug|Any CPU
		{9374684E-E150-42BB-8975-7314B1D4395B}.Debug|Any CPU.Build.0 = Debug|Any CPU
		{9374684E-E150-42BB-8975-7314B1D4395B}.Release|Any CPU.ActiveCfg = Release|Any CPU
		{9374684E-E150-42BB-8975-7314B1D4395B}.Release|Any CPU.Build.0 = Release|Any CPU
	EndGlobalSection
	GlobalSection(SolutionProperties) = preSolution
		HideSolutionNode = FALSE
	EndGlobalSection
	GlobalSection(ExtensibilityGlobals) = postSolution
		SolutionGuid = {6F1E9FD4-51FB-4A49-9683-B93A6BDC7715}
	EndGlobalSection
EndGlobal
